// !$*UTF8*$!
{
	archiveVersion = 1;
	classes = {
	};
	objectVersion = 50;
	objects = {

/* Begin PBXBuildFile section */
		660AB98722366A7300CBC465 /* AppDelegate.swift in Sources */ = {isa = PBXBuildFile; fileRef = 660AB98622366A7300CBC465 /* AppDelegate.swift */; };
		660AB98922366A7300CBC465 /* PanelViewController.swift in Sources */ = {isa = PBXBuildFile; fileRef = 660AB98822366A7300CBC465 /* PanelViewController.swift */; };
		660AB98C22366A7300CBC465 /* Main.storyboard in Resources */ = {isa = PBXBuildFile; fileRef = 660AB98A22366A7300CBC465 /* Main.storyboard */; };
		660AB98F22366A7300CBC465 /* MTom.xcdatamodeld in Sources */ = {isa = PBXBuildFile; fileRef = 660AB98D22366A7300CBC465 /* MTom.xcdatamodeld */; };
		660AB99122366A7500CBC465 /* Assets.xcassets in Resources */ = {isa = PBXBuildFile; fileRef = 660AB99022366A7500CBC465 /* Assets.xcassets */; };
		660AB99422366A7500CBC465 /* LaunchScreen.storyboard in Resources */ = {isa = PBXBuildFile; fileRef = 660AB99222366A7500CBC465 /* LaunchScreen.storyboard */; };
		660AB99F2236831400CBC465 /* CustomizableSlider.swift in Sources */ = {isa = PBXBuildFile; fileRef = 660AB99E2236831400CBC465 /* CustomizableSlider.swift */; };
		6618EDE822653D50007FEB89 /* BluetoothSerial.swift in Sources */ = {isa = PBXBuildFile; fileRef = 6618EDE722653D50007FEB89 /* BluetoothSerial.swift */; };
		6674932322653F290051BACC /* SearchDevicesViewController.swift in Sources */ = {isa = PBXBuildFile; fileRef = 6674932222653F290051BACC /* SearchDevicesViewController.swift */; };
		667493252265446C0051BACC /* Utilities.swift in Sources */ = {isa = PBXBuildFile; fileRef = 667493242265446C0051BACC /* Utilities.swift */; };
/* End PBXBuildFile section */

/* Begin PBXFileReference section */
		660AB98322366A7300CBC465 /* MTom.app */ = {isa = PBXFileReference; explicitFileType = wrapper.application; includeInIndex = 0; path = MTom.app; sourceTree = BUILT_PRODUCTS_DIR; };
		660AB98622366A7300CBC465 /* AppDelegate.swift */ = {isa = PBXFileReference; lastKnownFileType = sourcecode.swift; path = AppDelegate.swift; sourceTree = "<group>"; };
		660AB98822366A7300CBC465 /* PanelViewController.swift */ = {isa = PBXFileReference; lastKnownFileType = sourcecode.swift; path = PanelViewController.swift; sourceTree = "<group>"; };
		660AB98B22366A7300CBC465 /* Base */ = {isa = PBXFileReference; lastKnownFileType = file.storyboard; name = Base; path = Base.lproj/Main.storyboard; sourceTree = "<group>"; };
		660AB98E22366A7300CBC465 /* MTom.xcdatamodel */ = {isa = PBXFileReference; lastKnownFileType = wrapper.xcdatamodel; path = MTom.xcdatamodel; sourceTree = "<group>"; };
		660AB99022366A7500CBC465 /* Assets.xcassets */ = {isa = PBXFileReference; lastKnownFileType = folder.assetcatalog; path = Assets.xcassets; sourceTree = "<group>"; };
		660AB99322366A7500CBC465 /* Base */ = {isa = PBXFileReference; lastKnownFileType = file.storyboard; name = Base; path = Base.lproj/LaunchScreen.storyboard; sourceTree = "<group>"; };
		660AB99522366A7500CBC465 /* Info.plist */ = {isa = PBXFileReference; lastKnownFileType = text.plist.xml; path = Info.plist; sourceTree = "<group>"; };
		660AB99E2236831400CBC465 /* CustomizableSlider.swift */ = {isa = PBXFileReference; lastKnownFileType = sourcecode.swift; path = CustomizableSlider.swift; sourceTree = "<group>"; };
		6618EDE722653D50007FEB89 /* BluetoothSerial.swift */ = {isa = PBXFileReference; fileEncoding = 4; lastKnownFileType = sourcecode.swift; path = BluetoothSerial.swift; sourceTree = "<group>"; };
		6674932222653F290051BACC /* SearchDevicesViewController.swift */ = {isa = PBXFileReference; lastKnownFileType = sourcecode.swift; path = SearchDevicesViewController.swift; sourceTree = "<group>"; };
		667493242265446C0051BACC /* Utilities.swift */ = {isa = PBXFileReference; lastKnownFileType = sourcecode.swift; path = Utilities.swift; sourceTree = "<group>"; };
/* End PBXFileReference section */

/* Begin PBXFrameworksBuildPhase section */
		660AB98022366A7300CBC465 /* Frameworks */ = {
			isa = PBXFrameworksBuildPhase;
			buildActionMask = 2147483647;
			files = (
			);
			runOnlyForDeploymentPostprocessing = 0;
		};
/* End PBXFrameworksBuildPhase section */

/* Begin PBXGroup section */
		660AB97A22366A7300CBC465 = {
			isa = PBXGroup;
			children = (
				660AB98522366A7300CBC465 /* MTom */,
			);
			sourceTree = "<group>";
		};
		660AB98422366A7300CBC465 /* Products */ = {
			isa = PBXGroup;
			children = (
				660AB98322366A7300CBC465 /* MTom.app */,
			);
			name = Products;
			path = ..;
			sourceTree = "<group>";
		};
		660AB98522366A7300CBC465 /* MTom */ = {
			isa = PBXGroup;
			children = (
				660AB99522366A7500CBC465 /* Info.plist */,
				660AB99B22366C9000CBC465 /* Model */,
				660AB99C22366C9500CBC465 /* View */,
				660AB99D22366C9A00CBC465 /* Controller */,
				660AB98422366A7300CBC465 /* Products */,
			);
			path = MTom;
			sourceTree = "<group>";
		};
		660AB99B22366C9000CBC465 /* Model */ = {
			isa = PBXGroup;
			children = (
				660AB99022366A7500CBC465 /* Assets.xcassets */,
				660AB98D22366A7300CBC465 /* MTom.xcdatamodeld */,
			);
			path = Model;
			sourceTree = "<group>";
		};
		660AB99C22366C9500CBC465 /* View */ = {
			isa = PBXGroup;
			children = (
				660AB99222366A7500CBC465 /* LaunchScreen.storyboard */,
				660AB98A22366A7300CBC465 /* Main.storyboard */,
			);
			path = View;
			sourceTree = "<group>";
		};
		660AB99D22366C9A00CBC465 /* Controller */ = {
			isa = PBXGroup;
			children = (
				6618EDE722653D50007FEB89 /* BluetoothSerial.swift */,
				660AB98622366A7300CBC465 /* AppDelegate.swift */,
				660AB98822366A7300CBC465 /* PanelViewController.swift */,
				6674932222653F290051BACC /* SearchDevicesViewController.swift */,
				660AB99E2236831400CBC465 /* CustomizableSlider.swift */,
				667493242265446C0051BACC /* Utilities.swift */,
			);
			path = Controller;
			sourceTree = "<group>";
		};
/* End PBXGroup section */

/* Begin PBXNativeTarget section */
		660AB98222366A7300CBC465 /* MTom */ = {
			isa = PBXNativeTarget;
			buildConfigurationList = 660AB99822366A7500CBC465 /* Build configuration list for PBXNativeTarget "MTom" */;
			buildPhases = (
				660AB97F22366A7300CBC465 /* Sources */,
				660AB98022366A7300CBC465 /* Frameworks */,
				660AB98122366A7300CBC465 /* Resources */,
			);
			buildRules = (
			);
			dependencies = (
			);
			name = MTom;
			productName = MTom;
			productReference = 660AB98322366A7300CBC465 /* MTom.app */;
			productType = "com.apple.product-type.application";
		};
/* End PBXNativeTarget section */

/* Begin PBXProject section */
		660AB97B22366A7300CBC465 /* Project object */ = {
			isa = PBXProject;
			attributes = {
				LastSwiftUpdateCheck = 1010;
				LastUpgradeCheck = 1010;
				ORGANIZATIONNAME = "Peter Kowalski";
				TargetAttributes = {
					660AB98222366A7300CBC465 = {
						CreatedOnToolsVersion = 10.1;
					};
				};
			};
			buildConfigurationList = 660AB97E22366A7300CBC465 /* Build configuration list for PBXProject "MTom" */;
			compatibilityVersion = "Xcode 9.3";
			developmentRegion = en;
			hasScannedForEncodings = 0;
			knownRegions = (
				en,
				Base,
			);
			mainGroup = 660AB97A22366A7300CBC465;
			productRefGroup = 660AB98422366A7300CBC465 /* Products */;
			projectDirPath = "";
			projectRoot = "";
			targets = (
				660AB98222366A7300CBC465 /* MTom */,
			);
		};
/* End PBXProject section */

/* Begin PBXResourcesBuildPhase section */
		660AB98122366A7300CBC465 /* Resources */ = {
			isa = PBXResourcesBuildPhase;
			buildActionMask = 2147483647;
			files = (
				660AB99422366A7500CBC465 /* LaunchScreen.storyboard in Resources */,
				660AB99122366A7500CBC465 /* Assets.xcassets in Resources */,
				660AB98C22366A7300CBC465 /* Main.storyboard in Resources */,
			);
			runOnlyForDeploymentPostprocessing = 0;
		};
/* End PBXResourcesBuildPhase section */

/* Begin PBXSourcesBuildPhase section */
		660AB97F22366A7300CBC465 /* Sources */ = {
			isa = PBXSourcesBuildPhase;
			buildActionMask = 2147483647;
			files = (
				6674932322653F290051BACC /* SearchDevicesViewController.swift in Sources */,
				660AB99F2236831400CBC465 /* CustomizableSlider.swift in Sources */,
				667493252265446C0051BACC /* Utilities.swift in Sources */,
				660AB98922366A7300CBC465 /* PanelViewController.swift in Sources */,
				660AB98722366A7300CBC465 /* AppDelegate.swift in Sources */,
				660AB98F22366A7300CBC465 /* MTom.xcdatamodeld in Sources */,
				6618EDE822653D50007FEB89 /* BluetoothSerial.swift in Sources */,
			);
			runOnlyForDeploymentPostprocessing = 0;
		};
/* End PBXSourcesBuildPhase section */

/* Begin PBXVariantGroup section */
		660AB98A22366A7300CBC465 /* Main.storyboard */ = {
			isa = PBXVariantGroup;
			children = (
				660AB98B22366A7300CBC465 /* Base */,
			);
			name = Main.storyboard;
			sourceTree = "<group>";
		};
		660AB99222366A7500CBC465 /* LaunchScreen.storyboard */ = {
			isa = PBXVariantGroup;
			children = (
				660AB99322366A7500CBC465 /* Base */,
			);
			name = LaunchScreen.storyboard;
			sourceTree = "<group>";
		};
/* End PBXVariantGroup section */

/* Begin XCBuildConfiguration section */
		660AB99622366A7500CBC465 /* Debug */ = {
			isa = XCBuildConfiguration;
			buildSettings = {
				ALWAYS_SEARCH_USER_PATHS = NO;
				CLANG_ANALYZER_NONNULL = YES;
				CLANG_ANALYZER_NUMBER_OBJECT_CONVERSION = YES_AGGRESSIVE;
				CLANG_CXX_LANGUAGE_STANDARD = "gnu++14";
				CLANG_CXX_LIBRARY = "libc++";
				CLANG_ENABLE_MODULES = YES;
				CLANG_ENABLE_OBJC_ARC = YES;
				CLANG_ENABLE_OBJC_WEAK = YES;
				CLANG_WARN_BLOCK_CAPTURE_AUTORELEASING = YES;
				CLANG_WARN_BOOL_CONVERSION = YES;
				CLANG_WARN_COMMA = YES;
				CLANG_WARN_CONSTANT_CONVERSION = YES;
				CLANG_WARN_DEPRECATED_OBJC_IMPLEMENTATIONS = YES;
				CLANG_WARN_DIRECT_OBJC_ISA_USAGE = YES_ERROR;
				CLANG_WARN_DOCUMENTATION_COMMENTS = YES;
				CLANG_WARN_EMPTY_BODY = YES;
				CLANG_WARN_ENUM_CONVERSION = YES;
				CLANG_WARN_INFINITE_RECURSION = YES;
				CLANG_WARN_INT_CONVERSION = YES;
				CLANG_WARN_NON_LITERAL_NULL_CONVERSION = YES;
				CLANG_WARN_OBJC_IMPLICIT_RETAIN_SELF = YES;
				CLANG_WARN_OBJC_LITERAL_CONVERSION = YES;
				CLANG_WARN_OBJC_ROOT_CLASS = YES_ERROR;
				CLANG_WARN_RANGE_LOOP_ANALYSIS = YES;
				CLANG_WARN_STRICT_PROTOTYPES = YES;
				CLANG_WARN_SUSPICIOUS_MOVE = YES;
				CLANG_WARN_UNGUARDED_AVAILABILITY = YES_AGGRESSIVE;
				CLANG_WARN_UNREACHABLE_CODE = YES;
				CLANG_WARN__DUPLICATE_METHOD_MATCH = YES;
				CODE_SIGN_IDENTITY = "iPhone Developer";
				COPY_PHASE_STRIP = NO;
				DEBUG_INFORMATION_FORMAT = dwarf;
				ENABLE_STRICT_OBJC_MSGSEND = YES;
				ENABLE_TESTABILITY = YES;
				GCC_C_LANGUAGE_STANDARD = gnu11;
				GCC_DYNAMIC_NO_PIC = NO;
				GCC_NO_COMMON_BLOCKS = YES;
				GCC_OPTIMIZATION_LEVEL = 0;
				GCC_PREPROCESSOR_DEFINITIONS = (
					"DEBUG=1",
					"$(inherited)",
				);
				GCC_WARN_64_TO_32_BIT_CONVERSION = YES;
				GCC_WARN_ABOUT_RETURN_TYPE = YES_ERROR;
				GCC_WARN_UNDECLARED_SELECTOR = YES;
				GCC_WARN_UNINITIALIZED_AUTOS = YES_AGGRESSIVE;
				GCC_WARN_UNUSED_FUNCTION = YES;
				GCC_WARN_UNUSED_VARIABLE = YES;
				IPHONEOS_DEPLOYMENT_TARGET = 12.1;
				MTL_ENABLE_DEBUG_INFO = INCLUDE_SOURCE;
				MTL_FAST_MATH = YES;
				ONLY_ACTIVE_ARCH = YES;
				SDKROOT = iphoneos;
				SWIFT_ACTIVE_COMPILATION_CONDITIONS = DEBUG;
				SWIFT_OPTIMIZATION_LEVEL = "-Onone";
			};
			name = Debug;
		};
		660AB99722366A7500CBC465 /* Release */ = {
			isa = XCBuildConfiguration;
			buildSettings = {
				ALWAYS_SEARCH_USER_PATHS = NO;
				CLANG_ANALYZER_NONNULL = YES;
				CLANG_ANALYZER_NUMBER_OBJECT_CONVERSION = YES_AGGRESSIVE;
				CLANG_CXX_LANGUAGE_STANDARD = "gnu++14";
				CLANG_CXX_LIBRARY = "libc++";
				CLANG_ENABLE_MODULES = YES;
				CLANG_ENABLE_OBJC_ARC = YES;
				CLANG_ENABLE_OBJC_WEAK = YES;
				CLANG_WARN_BLOCK_CAPTURE_AUTORELEASING = YES;
				CLANG_WARN_BOOL_CONVERSION = YES;
				CLANG_WARN_COMMA = YES;
				CLANG_WARN_CONSTANT_CONVERSION = YES;
				CLANG_WARN_DEPRECATED_OBJC_IMPLEMENTATIONS = YES;
				CLANG_WARN_DIRECT_OBJC_ISA_USAGE = YES_ERROR;
				CLANG_WARN_DOCUMENTATION_COMMENTS = YES;
				CLANG_WARN_EMPTY_BODY = YES;
				CLANG_WARN_ENUM_CONVERSION = YES;
				CLANG_WARN_INFINITE_RECURSION = YES;
				CLANG_WARN_INT_CONVERSION = YES;
				CLANG_WARN_NON_LITERAL_NULL_CONVERSION = YES;
				CLANG_WARN_OBJC_IMPLICIT_RETAIN_SELF = YES;
				CLANG_WARN_OBJC_LITERAL_CONVERSION = YES;
				CLANG_WARN_OBJC_ROOT_CLASS = YES_ERROR;
				CLANG_WARN_RANGE_LOOP_ANALYSIS = YES;
				CLANG_WARN_STRICT_PROTOTYPES = YES;
				CLANG_WARN_SUSPICIOUS_MOVE = YES;
				CLANG_WARN_UNGUARDED_AVAILABILITY = YES_AGGRESSIVE;
				CLANG_WARN_UNREACHABLE_CODE = YES;
				CLANG_WARN__DUPLICATE_METHOD_MATCH = YES;
				CODE_SIGN_IDENTITY = "iPhone Developer";
				COPY_PHASE_STRIP = NO;
				DEBUG_INFORMATION_FORMAT = "dwarf-with-dsym";
				ENABLE_NS_ASSERTIONS = NO;
				ENABLE_STRICT_OBJC_MSGSEND = YES;
				GCC_C_LANGUAGE_STANDARD = gnu11;
				GCC_NO_COMMON_BLOCKS = YES;
				GCC_WARN_64_TO_32_BIT_CONVERSION = YES;
				GCC_WARN_ABOUT_RETURN_TYPE = YES_ERROR;
				GCC_WARN_UNDECLARED_SELECTOR = YES;
				GCC_WARN_UNINITIALIZED_AUTOS = YES_AGGRESSIVE;
				GCC_WARN_UNUSED_FUNCTION = YES;
				GCC_WARN_UNUSED_VARIABLE = YES;
				IPHONEOS_DEPLOYMENT_TARGET = 12.1;
				MTL_ENABLE_DEBUG_INFO = NO;
				MTL_FAST_MATH = YES;
				SDKROOT = iphoneos;
				SWIFT_COMPILATION_MODE = wholemodule;
				SWIFT_OPTIMIZATION_LEVEL = "-O";
				VALIDATE_PRODUCT = YES;
			};
			name = Release;
		};
		660AB99922366A7500CBC465 /* Debug */ = {
			isa = XCBuildConfiguration;
			buildSettings = {
				ASSETCATALOG_COMPILER_APPICON_NAME = AppIcon;
				CODE_SIGN_STYLE = Automatic;
				DEVELOPMENT_TEAM = 4V977U8B77;
				INFOPLIST_FILE = MTom/Info.plist;
				LD_RUNPATH_SEARCH_PATHS = (
					"$(inherited)",
					"@executable_path/Frameworks",
				);
				PRODUCT_BUNDLE_IDENTIFIER = "pl.bk-exhaust.MTom";
				PRODUCT_NAME = "$(TARGET_NAME)";
				SWIFT_VERSION = 4.2;
				TARGETED_DEVICE_FAMILY = 1;
			};
			name = Debug;
		};
		660AB99A22366A7500CBC465 /* Release */ = {
			isa = XCBuildConfiguration;
			buildSettings = {
				ASSETCATALOG_COMPILER_APPICON_NAME = AppIcon;
				CODE_SIGN_STYLE = Automatic;
				DEVELOPMENT_TEAM = 4V977U8B77;
				INFOPLIST_FILE = MTom/Info.plist;
				LD_RUNPATH_SEARCH_PATHS = (
					"$(inherited)",
					"@executable_path/Frameworks",
				);
				PRODUCT_BUNDLE_IDENTIFIER = "pl.bk-exhaust.MTom";
				PRODUCT_NAME = "$(TARGET_NAME)";
				SWIFT_VERSION = 4.2;
				TARGETED_DEVICE_FAMILY = 1;
			};
			name = Release;
		};
/* End XCBuildConfiguration section */

/* Begin XCConfigurationList section */
		660AB97E22366A7300CBC465 /* Build configuration list for PBXProject "MTom" */ = {
			isa = XCConfigurationList;
			buildConfigurations = (
				660AB99622366A7500CBC465 /* Debug */,
				660AB99722366A7500CBC465 /* Release */,
			);
			defaultConfigurationIsVisible = 0;
			defaultConfigurationName = Release;
		};
		660AB99822366A7500CBC465 /* Build configuration list for PBXNativeTarget "MTom" */ = {
			isa = XCConfigurationList;
			buildConfigurations = (
				660AB99922366A7500CBC465 /* Debug */,
				660AB99A22366A7500CBC465 /* Release */,
			);
			defaultConfigurationIsVisible = 0;
			defaultConfigurationName = Release;
		};
/* End XCConfigurationList section */

/* Begin XCVersionGroup section */
		660AB98D22366A7300CBC465 /* MTom.xcdatamodeld */ = {
			isa = XCVersionGroup;
			children = (
				660AB98E22366A7300CBC465 /* MTom.xcdatamodel */,
			);
			currentVersion = 660AB98E22366A7300CBC465 /* MTom.xcdatamodel */;
			path = MTom.xcdatamodeld;
			sourceTree = "<group>";
			versionGroupType = wrapper.xcdatamodel;
		};
/* End XCVersionGroup section */
	};
	rootObject = 660AB97B22366A7300CBC465 /* Project object */;
}
